# THIS IS AN AUTOGENERATED FILE. DO NOT EDIT THIS FILE DIRECTLY.
# yarn lockfile v1


"@types/unist@^2.0.0", "@types/unist@^2.0.2":
  version "2.0.3"
  resolved "https://registry.yarnpkg.com/@types/unist/-/unist-2.0.3.tgz#9c088679876f374eb5983f150d4787aa6fb32d7e"
  integrity sha512-FvUupuM3rlRsRtCN+fDudtmytGO6iHJuuRKS1Ss0pG5z8oX0diNEw94UEL7hgDbpN94rgaK5R7sWm6RrSkZuAQ==

array-iterate@^1.0.0:
  version "1.1.4"
  resolved "https://registry.yarnpkg.com/array-iterate/-/array-iterate-1.1.4.tgz#add1522e9dd9749bb41152d08b845bd08d6af8b7"
  integrity sha512-sNRaPGh9nnmdC8Zf+pT3UqP8rnWj5Hf9wiFGsX3wUQ2yVSIhO2ShFwCoceIPpB41QF6i2OEmrHmCo36xronCVA==

bail@^1.0.0:
  version "1.0.5"
  resolved "https://registry.yarnpkg.com/bail/-/bail-1.0.5.tgz#b6fa133404a392cbc1f8c4bf63f5953351e7a776"
  integrity sha512-xFbRxM1tahm08yHBP16MMjVUAvDaBMD38zsM9EMAUN61omwLmKlOpB/Zku5QkjZ8TZ4vn53pj+t518cH0S03RQ==

emoji-regex@^9.0.0:
  version "9.0.0"
  resolved "https://registry.yarnpkg.com/emoji-regex/-/emoji-regex-9.0.0.tgz#48a2309cc8a1d2e9d23bc6a67c39b63032e76ea4"
  integrity sha512-6p1NII1Vm62wni/VR/cUMauVQoxmLVb9csqQlvLz+hO2gk8U2UYDfXHQSUYIBKmZwAKz867IDqG7B+u0mj+M6w==

emoticon@^3.0.0, emoticon@^3.1.0:
  version "3.2.0"
  resolved "https://registry.yarnpkg.com/emoticon/-/emoticon-3.2.0.tgz#c008ca7d7620fac742fe1bf4af8ff8fed154ae7f"
  integrity sha512-SNujglcLTTg+lDAcApPNgEdudaqQFiAbJCqzjNxJkvN9vAwCGi0uu8IUVvx+f16h+V44KCY6Y2yboroc9pilHg==

extend@^3.0.0:
  version "3.0.2"
  resolved "https://registry.yarnpkg.com/extend/-/extend-3.0.2.tgz#f8b1136b4071fbd8eb140aff858b1019ec2915fa"
  integrity sha512-fjquC59cD7CyW6urNXK0FBufkZcoiGG80wTuPujX590cB5Ttln20E2UB4S/WARVqhXffZl2LNgS+gQdPIIim/g==

gemoji@^5.0.0:
  version "5.0.1"
  resolved "https://registry.yarnpkg.com/gemoji/-/gemoji-5.0.1.tgz#4cea541c735b74ec82edd56c2d46538cd54f355d"
  integrity sha512-7yV9K8JdiK+h2M4YDnf/8bunJKYvs0t0p8eKh7zexVSuXddRG9Ue18ZViKOZljISk57DE64X19gvJfHZmhggGg==

inherits@^2.0.0:
  version "2.0.4"
  resolved "https://registry.yarnpkg.com/inherits/-/inherits-2.0.4.tgz#0fa2c64f932917c3433a0ded55363aae37416b7c"
  integrity sha512-k/vGaX4/Yla3WzyMCvTQOXYeIHvqOKtnqBduzTHpzpQZzAskKMhZ2K+EnBiSM9zGSoIFeMpXKxa4dYeZIQqewQ==

is-buffer@^2.0.0:
  version "2.0.4"
  resolved "https://registry.yarnpkg.com/is-buffer/-/is-buffer-2.0.4.tgz#3e572f23c8411a5cfd9557c849e3665e0b290623"
  integrity sha512-Kq1rokWXOPXWuaMAqZiJW4XxsmD9zGx9q4aePabbn3qCRGedtH7Cm+zV8WETitMfu1wdh+Rvd6w5egwSngUX2A==

is-plain-obj@^2.0.0:
  version "2.1.0"
  resolved "https://registry.yarnpkg.com/is-plain-obj/-/is-plain-obj-2.1.0.tgz#45e42e37fccf1f40da8e5f76ee21515840c09287"
  integrity sha512-YWnfyRwxL/+SsrWYfOpUtz5b3YD+nyfkHvjbcanzk8zgyO4ASD67uVMRt8k5bM4lLMDnXfriRhOpemw+NfT1eA==

nlcst-affix-emoticon-modifier@^1.0.0:
  version "1.1.4"
  resolved "https://registry.yarnpkg.com/nlcst-affix-emoticon-modifier/-/nlcst-affix-emoticon-modifier-1.1.4.tgz#03a96075c847f0c56022b8c8490ed347e0b03748"
  integrity sha512-GfjDXjd3pMm1M8CxDd/8arRKKI9Vw+pRXTdmLjCupawRY6cyKs8rveUVkIsqll9XlDb1CzmRJnJeQR8nZqZjVg==
  dependencies:
    unist-util-modify-children "^1.0.0"

nlcst-emoji-modifier@^4.0.0:
  version "4.1.0"
  resolved "https://registry.yarnpkg.com/nlcst-emoji-modifier/-/nlcst-emoji-modifier-4.1.0.tgz#52b20477821b62fa09b3ddf08c7a2befc51b085d"
  integrity sha512-0x+tliy8xpoJmde8R4UNNPoLk0sgYucRSBDcm8U+nngj9r5S01mQ5bdLF24OjFWnRAi6EGcGHQgFFmEOQPCfxA==
  dependencies:
    emoji-regex "^9.0.0"
    gemoji "^5.0.0"
    nlcst-to-string "^2.0.0"
    unist-util-generated "^1.0.0"
    unist-util-position "^3.0.0"
    unist-util-visit "^2.0.0"

nlcst-emoticon-modifier@^1.0.0:
  version "1.1.4"
  resolved "https://registry.yarnpkg.com/nlcst-emoticon-modifier/-/nlcst-emoticon-modifier-1.1.4.tgz#b6a9f17a5622f09b640cd88e97aee0306a59adcd"
  integrity sha512-fk1iv3Vw3fVKWYDeFgvtK4cZKzu63/1+omPGPIIQ8McKInZsdlRY8E9DWRXperdtVRTSDD0BxVImoPjO1WNxOA==
  dependencies:
    emoticon "^3.0.0"
    nlcst-to-string "^2.0.0"
    unist-util-modify-children "^1.0.0"

nlcst-is-literal@^1.0.0:
  version "1.2.1"
  resolved "https://registry.yarnpkg.com/nlcst-is-literal/-/nlcst-is-literal-1.2.1.tgz#878b68a43b5fd77b85e45b1b1737ae11a25f1be3"
  integrity sha512-abNv1XY7TUoyLn5kSSorMIYHfRvVfXbgftNFNvEMiQQkyKteLdjrGuDqEMMyK70sMbn7uPA6oUbRvykM6pg+pg==
  dependencies:
    nlcst-to-string "^2.0.0"

nlcst-normalize@^2.0.0:
  version "2.1.4"
  resolved "https://registry.yarnpkg.com/nlcst-normalize/-/nlcst-normalize-2.1.4.tgz#2c854f84808b4f9d9f42cfa2a5978f300ca85f59"
  integrity sha512-dWJ3XUoAoWoau24xOM59Y1FPozv7DyYWy+rdUaXj9Ow0hBCVuwqDQbXzTF7H+HskyTVpTkRPXYPu4YsMEScmRw==
  dependencies:
    nlcst-to-string "^2.0.0"

nlcst-search@^2.0.0:
  version "2.0.0"
  resolved "https://registry.yarnpkg.com/nlcst-search/-/nlcst-search-2.0.0.tgz#d5f3b8509b0ecfb1d39760122c2acd84f71bd94d"
  integrity sha512-+3xdctMFTcG+76vKAa0wObNg1EYq7IIQlZcL+HxSFXkHO1DgSPRjsPJrmelVIvMg7rk+wmBcdPEoScv/CTT1Zw==
  dependencies:
    nlcst-is-literal "^1.0.0"
    nlcst-normalize "^2.0.0"
    unist-util-visit "^2.0.0"

nlcst-to-string@^2.0.0, nlcst-to-string@^2.0.4:
  version "2.0.4"
  resolved "https://registry.yarnpkg.com/nlcst-to-string/-/nlcst-to-string-2.0.4.tgz#9315dfab80882bbfd86ddf1b706f53622dc400cc"
  integrity sha512-3x3jwTd6UPG7vi5k4GEzvxJ5rDA7hVUIRNHPblKuMVP9Z3xmlsd9cgLcpAMkc5uPOBna82EeshROFhsPkbnTZg==

once@^1.4.0:
  version "1.4.0"
  resolved "https://registry.yarnpkg.com/once/-/once-1.4.0.tgz#583b1aa775961d4b113ac17d9c50baef9dd76bd1"
  integrity sha1-WDsap3WWHUsROsF9nFC6753Xa9E=
  dependencies:
    wrappy "1"

parse-english@^4.0.0:
  version "4.1.3"
  resolved "https://registry.yarnpkg.com/parse-english/-/parse-english-4.1.3.tgz#692ec002e515b4b9b3e9e64ee1224b082667a20b"
  integrity sha512-IQl1v/ik9gw437T8083coohMihae0rozpc7JYC/9h6hi9xKBSxFwh5HWRpzVC2ZhEs2nUlze2aAktpNBJXdJKA==
  dependencies:
    nlcst-to-string "^2.0.0"
    parse-latin "^4.0.0"
    unist-util-modify-children "^1.0.0"
    unist-util-visit-children "^1.0.0"

parse-latin@^4.0.0:
  version "4.2.1"
  resolved "https://registry.yarnpkg.com/parse-latin/-/parse-latin-4.2.1.tgz#b78c57c026cdf8e4e9924b296a2d0aa69877fab8"
  integrity sha512-7T9g6mIsFFpLlo0Zzb2jLWdCt+H9Qtf/hRmMYFi/Mq6Ovi+YKo+AyDFX3OhFfu0vXX5Nid9FKJGKSSzNcTkWiA==
  dependencies:
    nlcst-to-string "^2.0.0"
    unist-util-modify-children "^1.0.0"
    unist-util-visit-children "^1.0.0"

replace-ext@1.0.0:
  version "1.0.0"
  resolved "https://registry.yarnpkg.com/replace-ext/-/replace-ext-1.0.0.tgz#de63128373fcbf7c3ccfa4de5a480c45a67958eb"
  integrity sha1-3mMSg3P8v3w8z6TeWkgMRaZ5WOs=

retext-emoji@^7.0.1:
  version "7.0.1"
  resolved "https://registry.yarnpkg.com/retext-emoji/-/retext-emoji-7.0.1.tgz#ff36a558d28365a595e7337fe8dd46712c95c09c"
  integrity sha512-oZxqCYO7ljD1CVMtX1b4Ph65VnskkR8vIPqb58Me0a6/ST5ZkiajIY7CpM1YUNlJ+KToYcZiZbMnyam0w8rGIQ==
  dependencies:
    emoticon "^3.1.0"
    gemoji "^5.0.0"
    nlcst-affix-emoticon-modifier "^1.0.0"
    nlcst-emoji-modifier "^4.0.0"
    nlcst-emoticon-modifier "^1.0.0"
    nlcst-to-string "^2.0.0"
    unist-util-visit "^2.0.0"

retext-english@^3.0.4:
  version "3.0.4"
  resolved "https://registry.yarnpkg.com/retext-english/-/retext-english-3.0.4.tgz#f978828d51fbcee842bc3807a45b7f709822ea8d"
  integrity sha512-yr1PgaBDde+25aJXrnt3p1jvT8FVLVat2Bx8XeAWX13KXo8OT+3nWGU3HWxM4YFJvmfqvJYJZG2d7xxaO774gw==
  dependencies:
    parse-english "^4.0.0"
    unherit "^1.0.4"

retext-stringify@^2.0.4:
  version "2.0.4"
  resolved "https://registry.yarnpkg.com/retext-stringify/-/retext-stringify-2.0.4.tgz#496d6c532f7dc6d15e4b262de0266e828f72efa9"
  integrity sha512-xOtx5mFJBoT3j7PBtiY2I+mEGERNniofWktI1cKXvjMEJPOuqve0dghLHO1+gz/gScLn4zqspDGv4kk2wS5kSA==
  dependencies:
    nlcst-to-string "^2.0.0"

trough@^1.0.0:
  version "1.0.5"
  resolved "https://registry.yarnpkg.com/trough/-/trough-1.0.5.tgz#b8b639cefad7d0bb2abd37d433ff8293efa5f406"
  integrity sha512-rvuRbTarPXmMb79SmzEp8aqXNKcK+y0XaB298IXueQ8I2PsrATcPBCSPyK/dDNa2iWOhKlfNnOjdAOTBU/nkFA==

unherit@^1.0.4:
  version "1.1.3"
  resolved "https://registry.yarnpkg.com/unherit/-/unherit-1.1.3.tgz#6c9b503f2b41b262330c80e91c8614abdaa69c22"
  integrity sha512-Ft16BJcnapDKp0+J/rqFC3Rrk6Y/Ng4nzsC028k2jdDII/rdZ7Wd3pPT/6+vIIxRagwRc9K0IUX0Ra4fKvw+WQ==
  dependencies:
    inherits "^2.0.0"
    xtend "^4.0.0"

unified-stream@^1.0.6:
  version "1.0.6"
  resolved "https://registry.yarnpkg.com/unified-stream/-/unified-stream-1.0.6.tgz#0b291d93295eea6ba81db8fa58af660ea45e8865"
  integrity sha512-04s1S5XCMz5DRMuzioZBSciB2BqCwZX/AaF1/1FuuGunerQd5F6BqbbJZp/GwgSNdWIVv3dcrZZnamHnAEtwmw==
  dependencies:
    once "^1.4.0"

unified@^9.0.0:
  version "9.0.0"
  resolved "https://registry.yarnpkg.com/unified/-/unified-9.0.0.tgz#12b099f97ee8b36792dbad13d278ee2f696eed1d"
  integrity sha512-ssFo33gljU3PdlWLjNp15Inqb77d6JnJSfyplGJPT/a+fNRNyCBeveBAYJdO5khKdF6WVHa/yYCC7Xl6BDwZUQ==
  dependencies:
    bail "^1.0.0"
    extend "^3.0.0"
    is-buffer "^2.0.0"
    is-plain-obj "^2.0.0"
    trough "^1.0.0"
    vfile "^4.0.0"

unist-util-generated@^1.0.0:
  version "1.1.5"
  resolved "https://registry.yarnpkg.com/unist-util-generated/-/unist-util-generated-1.1.5.tgz#1e903e68467931ebfaea386dae9ea253628acd42"
  integrity sha512-1TC+NxQa4N9pNdayCYA1EGUOCAO0Le3fVp7Jzns6lnua/mYgwHo0tz5WUAfrdpNch1RZLHc61VZ1SDgrtNXLSw==

unist-util-inspect@^6.0.0:
  version "6.0.0"
  resolved "https://registry.yarnpkg.com/unist-util-inspect/-/unist-util-inspect-6.0.0.tgz#56866c2170aacdb8e5199f8dae9c40b4a3b3629d"
  integrity sha512-mwdQMGuDCIlsNpi48s4wSknJympqmROAc+oMjyNNmAfeU7ynytukfqjvEjEASnPdHrS2f4WMThly40rI8UCyzQ==

unist-util-is@^4.0.0:
  version "4.0.2"
  resolved "https://registry.yarnpkg.com/unist-util-is/-/unist-util-is-4.0.2.tgz#c7d1341188aa9ce5b3cff538958de9895f14a5de"
  integrity sha512-Ofx8uf6haexJwI1gxWMGg6I/dLnF2yE+KibhD3/diOqY2TinLcqHXCV6OI5gFVn3xQqDH+u0M625pfKwIwgBKQ==

unist-util-modify-children@^1.0.0:
  version "1.1.6"
  resolved "https://registry.yarnpkg.com/unist-util-modify-children/-/unist-util-modify-children-1.1.6.tgz#1587130ca0ab5c56155fa60837ff524c3fbfbfaa"
  integrity sha512-TOA6W9QLil+BrHqIZNR4o6IA5QwGOveMbnQxnWYq+7EFORx9vz/CHrtzF36zWrW61E2UKw7sM1KPtIgeceVwXw==
  dependencies:
    array-iterate "^1.0.0"

unist-util-position@^3.0.0:
  version "3.1.0"
  resolved "https://registry.yarnpkg.com/unist-util-position/-/unist-util-position-3.1.0.tgz#1c42ee6301f8d52f47d14f62bbdb796571fa2d47"
  integrity sha512-w+PkwCbYSFw8vpgWD0v7zRCl1FpY3fjDSQ3/N/wNd9Ffa4gPi8+4keqt99N3XW6F99t/mUzp2xAhNmfKWp95QA==

unist-util-stringify-position@^2.0.0:
  version "2.0.3"
  resolved "https://registry.yarnpkg.com/unist-util-stringify-position/-/unist-util-stringify-position-2.0.3.tgz#cce3bfa1cdf85ba7375d1d5b17bdc4cada9bd9da"
  integrity sha512-3faScn5I+hy9VleOq/qNbAd6pAx7iH5jYBMS9I1HgQVijz/4mv5Bvw5iw1sC/90CODiKo81G/ps8AJrISn687g==
  dependencies:
    "@types/unist" "^2.0.2"

unist-util-visit-children@^1.0.0:
  version "1.1.4"
  resolved "https://registry.yarnpkg.com/unist-util-visit-children/-/unist-util-visit-children-1.1.4.tgz#e8a087e58a33a2815f76ea1901c15dec2cb4b432"
  integrity sha512-sA/nXwYRCQVRwZU2/tQWUqJ9JSFM1X3x7JIOsIgSzrFHcfVt6NkzDtKzyxg2cZWkCwGF9CO8x4QNZRJRMK8FeQ==

unist-util-visit-parents@^3.0.0:
  version "3.1.0"
  resolved "https://registry.yarnpkg.com/unist-util-visit-parents/-/unist-util-visit-parents-3.1.0.tgz#4dd262fb9dcfe44f297d53e882fc6ff3421173d5"
  integrity sha512-0g4wbluTF93npyPrp/ymd3tCDTMnP0yo2akFD2FIBAYXq/Sga3lwaU1D8OYKbtpioaI6CkDcQ6fsMnmtzt7htw==
  dependencies:
    "@types/unist" "^2.0.0"
    unist-util-is "^4.0.0"

unist-util-visit@^2.0.0:
  version "2.0.3"
  resolved "https://registry.yarnpkg.com/unist-util-visit/-/unist-util-visit-2.0.3.tgz#c3703893146df47203bb8a9795af47d7b971208c"
  integrity sha512-iJ4/RczbJMkD0712mGktuGpm/U4By4FfDonL7N/9tATGIF4imikjOuagyMY53tnZq3NP6BcmlrHhEKAfGWjh7Q==
  dependencies:
    "@types/unist" "^2.0.0"
    unist-util-is "^4.0.0"
    unist-util-visit-parents "^3.0.0"

vfile-message@^2.0.0:
  version "2.0.4"
  resolved "https://registry.yarnpkg.com/vfile-message/-/vfile-message-2.0.4.tgz#5b43b88171d409eae58477d13f23dd41d52c371a"
  integrity sha512-DjssxRGkMvifUOJre00juHoP9DPWuzjxKuMDrhNbk2TdaYYBNMStsNhEOt3idrtI12VQYM/1+iM0KOzXi4pxwQ==
  dependencies:
    "@types/unist" "^2.0.0"
    unist-util-stringify-position "^2.0.0"

vfile@^4.0.0:
  version "4.1.1"
  resolved "https://registry.yarnpkg.com/vfile/-/vfile-4.1.1.tgz#282d28cebb609183ac51703001bc18b3e3f17de9"
  integrity sha512-lRjkpyDGjVlBA7cDQhQ+gNcvB1BGaTHYuSOcY3S7OhDmBtnzX95FhtZZDecSTDm6aajFymyve6S5DN4ZHGezdQ==
  dependencies:
    "@types/unist" "^2.0.0"
    is-buffer "^2.0.0"
    replace-ext "1.0.0"
    unist-util-stringify-position "^2.0.0"
    vfile-message "^2.0.0"

wrappy@1:
  version "1.0.2"
  resolved "https://registry.yarnpkg.com/wrappy/-/wrappy-1.0.2.tgz#b5243d8f3ec1aa35f1364605bc0d1036e30ab69f"
  integrity sha1-tSQ9jz7BqjXxNkYFvA0QNuMKtp8=

xtend@^4.0.0:
  version "4.0.2"
  resolved "https://registry.yarnpkg.com/xtend/-/xtend-4.0.2.tgz#bb72779f5fa465186b1f438f674fa347fdb5db54"
  integrity sha512-LKYU1iAXJXUgAXn9URjiu+MWhyUXHsvfp7mcuYm9dSUKK0/CjtrUwFAxD82/mCWbtLsGjFIad0wIsod4zrTAEQ==
